// !$*UTF8*$!
{
	archiveVersion = 1;
	classes = {
	};
	objectVersion = 46;
	objects = {

/* Begin PBXBuildFile section */
		6CA14A441F78150C00822735 /* AppDelegate.swift in Sources */ = {isa = PBXBuildFile; fileRef = 6CA14A431F78150C00822735 /* AppDelegate.swift */; };
		6CA14A461F78150C00822735 /* ViewController.swift in Sources */ = {isa = PBXBuildFile; fileRef = 6CA14A451F78150C00822735 /* ViewController.swift */; };
		6CA14A491F78150C00822735 /* Main.storyboard in Resources */ = {isa = PBXBuildFile; fileRef = 6CA14A471F78150C00822735 /* Main.storyboard */; };
		6CA14A4B1F78150C00822735 /* Assets.xcassets in Resources */ = {isa = PBXBuildFile; fileRef = 6CA14A4A1F78150C00822735 /* Assets.xcassets */; };
		6CA14A4E1F78150C00822735 /* LaunchScreen.storyboard in Resources */ = {isa = PBXBuildFile; fileRef = 6CA14A4C1F78150C00822735 /* LaunchScreen.storyboard */; };
		6CA14A591F78150C00822735 /* dynamicgridTests.swift in Sources */ = {isa = PBXBuildFile; fileRef = 6CA14A581F78150C00822735 /* dynamicgridTests.swift */; };
		6CA14A641F78150C00822735 /* dynamicgridUITests.swift in Sources */ = {isa = PBXBuildFile; fileRef = 6CA14A631F78150C00822735 /* dynamicgridUITests.swift */; };
		6CA14A721F78152C00822735 /* DataModel.swift in Sources */ = {isa = PBXBuildFile; fileRef = 6CA14A711F78152C00822735 /* DataModel.swift */; };
/* End PBXBuildFile section */

/* Begin PBXContainerItemProxy section */
		6CA14A551F78150C00822735 /* PBXContainerItemProxy */ = {
			isa = PBXContainerItemProxy;
			containerPortal = 6CA14A381F78150C00822735 /* Project object */;
			proxyType = 1;
			remoteGlobalIDString = 6CA14A3F1F78150C00822735;
			remoteInfo = dynamicgrid;
		};
		6CA14A601F78150C00822735 /* PBXContainerItemProxy */ = {
			isa = PBXContainerItemProxy;
			containerPortal = 6CA14A381F78150C00822735 /* Project object */;
			proxyType = 1;
			remoteGlobalIDString = 6CA14A3F1F78150C00822735;
			remoteInfo = dynamicgrid;
		};
/* End PBXContainerItemProxy section */

/* Begin PBXFileReference section */
		6CA14A401F78150C00822735 /* dynamicgrid.app */ = {isa = PBXFileReference; explicitFileType = wrapper.application; includeInIndex = 0; path = dynamicgrid.app; sourceTree = BUILT_PRODUCTS_DIR; };
		6CA14A431F78150C00822735 /* AppDelegate.swift */ = {isa = PBXFileReference; lastKnownFileType = sourcecode.swift; path = AppDelegate.swift; sourceTree = "<group>"; };
		6CA14A451F78150C00822735 /* ViewController.swift */ = {isa = PBXFileReference; lastKnownFileType = sourcecode.swift; path = ViewController.swift; sourceTree = "<group>"; };
		6CA14A481F78150C00822735 /* Base */ = {isa = PBXFileReference; lastKnownFileType = file.storyboard; name = Base; path = Base.lproj/Main.storyboard; sourceTree = "<group>"; };
		6CA14A4A1F78150C00822735 /* Assets.xcassets */ = {isa = PBXFileReference; lastKnownFileType = folder.assetcatalog; path = Assets.xcassets; sourceTree = "<group>"; };
		6CA14A4D1F78150C00822735 /* Base */ = {isa = PBXFileReference; lastKnownFileType = file.storyboard; name = Base; path = Base.lproj/LaunchScreen.storyboard; sourceTree = "<group>"; };
		6CA14A4F1F78150C00822735 /* Info.plist */ = {isa = PBXFileReference; lastKnownFileType = text.plist.xml; path = Info.plist; sourceTree = "<group>"; };
		6CA14A541F78150C00822735 /* dynamicgridTests.xctest */ = {isa = PBXFileReference; explicitFileType = wrapper.cfbundle; includeInIndex = 0; path = dynamicgridTests.xctest; sourceTree = BUILT_PRODUCTS_DIR; };
		6CA14A581F78150C00822735 /* dynamicgridTests.swift */ = {isa = PBXFileReference; lastKnownFileType = sourcecode.swift; path = dynamicgridTests.swift; sourceTree = "<group>"; };
		6CA14A5A1F78150C00822735 /* Info.plist */ = {isa = PBXFileReference; lastKnownFileType = text.plist.xml; path = Info.plist; sourceTree = "<group>"; };
		6CA14A5F1F78150C00822735 /* dynamicgridUITests.xctest */ = {isa = PBXFileReference; explicitFileType = wrapper.cfbundle; includeInIndex = 0; path = dynamicgridUITests.xctest; sourceTree = BUILT_PRODUCTS_DIR; };
		6CA14A631F78150C00822735 /* dynamicgridUITests.swift */ = {isa = PBXFileReference; lastKnownFileType = sourcecode.swift; path = dynamicgridUITests.swift; sourceTree = "<group>"; };
		6CA14A651F78150C00822735 /* Info.plist */ = {isa = PBXFileReference; lastKnownFileType = text.plist.xml; path = Info.plist; sourceTree = "<group>"; };
		6CA14A711F78152C00822735 /* DataModel.swift */ = {isa = PBXFileReference; fileEncoding = 4; lastKnownFileType = sourcecode.swift; path = DataModel.swift; sourceTree = "<group>"; };
/* End PBXFileReference section */

/* Begin PBXFrameworksBuildPhase section */
		6CA14A3D1F78150C00822735 /* Frameworks */ = {
			isa = PBXFrameworksBuildPhase;
			buildActionMask = 2147483647;
			files = (
			);
			runOnlyForDeploymentPostprocessing = 0;
		};
		6CA14A511F78150C00822735 /* Frameworks */ = {
			isa = PBXFrameworksBuildPhase;
			buildActionMask = 2147483647;
			files = (
			);
			runOnlyForDeploymentPostprocessing = 0;
		};
		6CA14A5C1F78150C00822735 /* Frameworks */ = {
			isa = PBXFrameworksBuildPhase;
			buildActionMask = 2147483647;
			files = (
			);
			runOnlyForDeploymentPostprocessing = 0;
		};
/* End PBXFrameworksBuildPhase section */

/* Begin PBXGroup section */
		6CA14A371F78150C00822735 = {
			isa = PBXGroup;
			children = (
				6CA14A421F78150C00822735 /* dynamicgrid */,
				6CA14A571F78150C00822735 /* dynamicgridTests */,
				6CA14A621F78150C00822735 /* dynamicgridUITests */,
				6CA14A411F78150C00822735 /* Products */,
			);
			sourceTree = "<group>";
		};
		6CA14A411F78150C00822735 /* Products */ = {
			isa = PBXGroup;
			children = (
				6CA14A401F78150C00822735 /* dynamicgrid.app */,
				6CA14A541F78150C00822735 /* dynamicgridTests.xctest */,
				6CA14A5F1F78150C00822735 /* dynamicgridUITests.xctest */,
			);
			name = Products;
			sourceTree = "<group>";
		};
		6CA14A421F78150C00822735 /* dynamicgrid */ = {
			isa = PBXGroup;
			children = (
				6CA14A771F7815AE00822735 /* utils */,
				6CA14A761F7815A400822735 /* controllers */,
				6CA14A751F78159600822735 /* presenters */,
				6CA14A741F78158F00822735 /* view */,
				6CA14A731F78158300822735 /* models */,
				6CA14A4A1F78150C00822735 /* Assets.xcassets */,
				6CA14A4F1F78150C00822735 /* Info.plist */,
			);
			path = dynamicgrid;
			sourceTree = "<group>";
		};
		6CA14A571F78150C00822735 /* dynamicgridTests */ = {
			isa = PBXGroup;
			children = (
				6CA14A581F78150C00822735 /* dynamicgridTests.swift */,
				6CA14A5A1F78150C00822735 /* Info.plist */,
			);
			path = dynamicgridTests;
			sourceTree = "<group>";
		};
		6CA14A621F78150C00822735 /* dynamicgridUITests */ = {
			isa = PBXGroup;
			children = (
				6CA14A631F78150C00822735 /* dynamicgridUITests.swift */,
				6CA14A651F78150C00822735 /* Info.plist */,
			);
			path = dynamicgridUITests;
			sourceTree = "<group>";
		};
		6CA14A731F78158300822735 /* models */ = {
			isa = PBXGroup;
			children = (
				6CA14A711F78152C00822735 /* DataModel.swift */,
			);
			name = models;
			sourceTree = "<group>";
		};
		6CA14A741F78158F00822735 /* view */ = {
			isa = PBXGroup;
			children = (
				6CA14A4C1F78150C00822735 /* LaunchScreen.storyboard */,
				6CA14A471F78150C00822735 /* Main.storyboard */,
			);
			name = view;
			sourceTree = "<group>";
		};
		6CA14A751F78159600822735 /* presenters */ = {
			isa = PBXGroup;
			children = (
			);
			name = presenters;
			sourceTree = "<group>";
		};
		6CA14A761F7815A400822735 /* controllers */ = {
			isa = PBXGroup;
			children = (
				6CA14A451F78150C00822735 /* ViewController.swift */,
			);
			name = controllers;
			sourceTree = "<group>";
		};
		6CA14A771F7815AE00822735 /* utils */ = {
			isa = PBXGroup;
			children = (
				6CA14A431F78150C00822735 /* AppDelegate.swift */,
			);
			name = utils;
			sourceTree = "<group>";
		};
/* End PBXGroup section */

/* Begin PBXNativeTarget section */
		6CA14A3F1F78150C00822735 /* dynamicgrid */ = {
			isa = PBXNativeTarget;
			buildConfigurationList = 6CA14A681F78150C00822735 /* Build configuration list for PBXNativeTarget "dynamicgrid" */;
			buildPhases = (
				6CA14A3C1F78150C00822735 /* Sources */,
				6CA14A3D1F78150C00822735 /* Frameworks */,
				6CA14A3E1F78150C00822735 /* Resources */,
			);
			buildRules = (
			);
			dependencies = (
			);
			name = dynamicgrid;
			productName = dynamicgrid;
			productReference = 6CA14A401F78150C00822735 /* dynamicgrid.app */;
			productType = "com.apple.product-type.application";
		};
		6CA14A531F78150C00822735 /* dynamicgridTests */ = {
			isa = PBXNativeTarget;
			buildConfigurationList = 6CA14A6B1F78150C00822735 /* Build configuration list for PBXNativeTarget "dynamicgridTests" */;
			buildPhases = (
				6CA14A501F78150C00822735 /* Sources */,
				6CA14A511F78150C00822735 /* Frameworks */,
				6CA14A521F78150C00822735 /* Resources */,
			);
			buildRules = (
			);
			dependencies = (
				6CA14A561F78150C00822735 /* PBXTargetDependency */,
			);
			name = dynamicgridTests;
			productName = dynamicgridTests;
			productReference = 6CA14A541F78150C00822735 /* dynamicgridTests.xctest */;
			productType = "com.apple.product-type.bundle.unit-test";
		};
		6CA14A5E1F78150C00822735 /* dynamicgridUITests */ = {
			isa = PBXNativeTarget;
			buildConfigurationList = 6CA14A6E1F78150C00822735 /* Build configuration list for PBXNativeTarget "dynamicgridUITests" */;
			buildPhases = (
				6CA14A5B1F78150C00822735 /* Sources */,
				6CA14A5C1F78150C00822735 /* Frameworks */,
				6CA14A5D1F78150C00822735 /* Resources */,
			);
			buildRules = (
			);
			dependencies = (
				6CA14A611F78150C00822735 /* PBXTargetDependency */,
			);
			name = dynamicgridUITests;
			productName = dynamicgridUITests;
			productReference = 6CA14A5F1F78150C00822735 /* dynamicgridUITests.xctest */;
			productType = "com.apple.product-type.bundle.ui-testing";
		};
/* End PBXNativeTarget section */

/* Begin PBXProject section */
		6CA14A381F78150C00822735 /* Project object */ = {
			isa = PBXProject;
			attributes = {
				LastSwiftUpdateCheck = 0830;
				LastUpgradeCheck = 0830;
				ORGANIZATIONNAME = abuzeid;
				TargetAttributes = {
					6CA14A3F1F78150C00822735 = {
						CreatedOnToolsVersion = 8.3.2;
						ProvisioningStyle = Automatic;
					};
					6CA14A531F78150C00822735 = {
						CreatedOnToolsVersion = 8.3.2;
						ProvisioningStyle = Automatic;
						TestTargetID = 6CA14A3F1F78150C00822735;
					};
					6CA14A5E1F78150C00822735 = {
						CreatedOnToolsVersion = 8.3.2;
						ProvisioningStyle = Automatic;
						TestTargetID = 6CA14A3F1F78150C00822735;
					};
				};
			};
			buildConfigurationList = 6CA14A3B1F78150C00822735 /* Build configuration list for PBXProject "dynamicgrid" */;
			compatibilityVersion = "Xcode 3.2";
			developmentRegion = English;
			hasScannedForEncodings = 0;
			knownRegions = (
				en,
				Base,
			);
			mainGroup = 6CA14A371F78150C00822735;
			productRefGroup = 6CA14A411F78150C00822735 /* Products */;
			projectDirPath = "";
			projectRoot = "";
			targets = (
				6CA14A3F1F78150C00822735 /* dynamicgrid */,
				6CA14A531F78150C00822735 /* dynamicgridTests */,
				6CA14A5E1F78150C00822735 /* dynamicgridUITests */,
			);
		};
/* End PBXProject section */

/* Begin PBXResourcesBuildPhase section */
		6CA14A3E1F78150C00822735 /* Resources */ = {
			isa = PBXResourcesBuildPhase;
			buildActionMask = 2147483647;
			files = (
				6CA14A4E1F78150C00822735 /* LaunchScreen.storyboard in Resources */,
				6CA14A4B1F78150C00822735 /* Assets.xcassets in Resources */,
				6CA14A491F78150C00822735 /* Main.storyboard in Resources */,
			);
			runOnlyForDeploymentPostprocessing = 0;
		};
		6CA14A521F78150C00822735 /* Resources */ = {
			isa = PBXResourcesBuildPhase;
			buildActionMask = 2147483647;
			files = (
			);
			runOnlyForDeploymentPostprocessing = 0;
		};
		6CA14A5D1F78150C00822735 /* Resources */ = {
			isa = PBXResourcesBuildPhase;
			buildActionMask = 2147483647;
			files = (
			);
			runOnlyForDeploymentPostprocessing = 0;
		};
/* End PBXResourcesBuildPhase section */

/* Begin PBXSourcesBuildPhase section */
		6CA14A3C1F78150C00822735 /* Sources */ = {
			isa = PBXSourcesBuildPhase;
			buildActionMask = 2147483647;
			files = (
				6CA14A461F78150C00822735 /* ViewController.swift in Sources */,
				6CA14A441F78150C00822735 /* AppDelegate.swift in Sources */,
				6CA14A721F78152C00822735 /* DataModel.swift in Sources */,
			);
			runOnlyForDeploymentPostprocessing = 0;
		};
		6CA14A501F78150C00822735 /* Sources */ = {
			isa = PBXSourcesBuildPhase;
			buildActionMask = 2147483647;
			files = (
				6CA14A591F78150C00822735 /* dynamicgridTests.swift in Sources */,
			);
			runOnlyForDeploymentPostprocessing = 0;
		};
		6CA14A5B1F78150C00822735 /* Sources */ = {
			isa = PBXSourcesBuildPhase;
			buildActionMask = 2147483647;
			files = (
				6CA14A641F78150C00822735 /* dynamicgridUITests.swift in Sources */,
			);
			runOnlyForDeploymentPostprocessing = 0;
		};
/* End PBXSourcesBuildPhase section */

/* Begin PBXTargetDependency section */
		6CA14A561F78150C00822735 /* PBXTargetDependency */ = {
			isa = PBXTargetDependency;
			target = 6CA14A3F1F78150C00822735 /* dynamicgrid */;
			targetProxy = 6CA14A551F78150C00822735 /* PBXContainerItemProxy */;
		};
		6CA14A611F78150C00822735 /* PBXTargetDependency */ = {
			isa = PBXTargetDependency;
			target = 6CA14A3F1F78150C00822735 /* dynamicgrid */;
			targetProxy = 6CA14A601F78150C00822735 /* PBXContainerItemProxy */;
		};
/* End PBXTargetDependency section */

/* Begin PBXVariantGroup section */
		6CA14A471F78150C00822735 /* Main.storyboard */ = {
			isa = PBXVariantGroup;
			children = (
				6CA14A481F78150C00822735 /* Base */,
			);
			name = Main.storyboard;
			sourceTree = "<group>";
		};
		6CA14A4C1F78150C00822735 /* LaunchScreen.storyboard */ = {
			isa = PBXVariantGroup;
			children = (
				6CA14A4D1F78150C00822735 /* Base */,
			);
			name = LaunchScreen.storyboard;
			sourceTree = "<group>";
		};
/* End PBXVariantGroup section */

/* Begin XCBuildConfiguration section */
		6CA14A661F78150C00822735 /* Debug */ = {
			isa = XCBuildConfiguration;
			buildSettings = {
				ALWAYS_SEARCH_USER_PATHS = NO;
				CLANG_ANALYZER_NONNULL = YES;
				CLANG_ANALYZER_NUMBER_OBJECT_CONVERSION = YES_AGGRESSIVE;
				CLANG_CXX_LANGUAGE_STANDARD = "gnu++0x";
				CLANG_CXX_LIBRARY = "libc++";
				CLANG_ENABLE_MODULES = YES;
				CLANG_ENABLE_OBJC_ARC = YES;
				CLANG_WARN_BOOL_CONVERSION = YES;
				CLANG_WARN_CONSTANT_CONVERSION = YES;
				CLANG_WARN_DIRECT_OBJC_ISA_USAGE = YES_ERROR;
				CLANG_WARN_DOCUMENTATION_COMMENTS = YES;
				CLANG_WARN_EMPTY_BODY = YES;
				CLANG_WARN_ENUM_CONVERSION = YES;
				CLANG_WARN_INFINITE_RECURSION = YES;
				CLANG_WARN_INT_CONVERSION = YES;
				CLANG_WARN_OBJC_ROOT_CLASS = YES_ERROR;
				CLANG_WARN_SUSPICIOUS_MOVE = YES;
				CLANG_WARN_UNREACHABLE_CODE = YES;
				CLANG_WARN__DUPLICATE_METHOD_MATCH = YES;
				"CODE_SIGN_IDENTITY[sdk=iphoneos*]" = "iPhone Developer";
				COPY_PHASE_STRIP = NO;
				DEBUG_INFORMATION_FORMAT = dwarf;
				ENABLE_STRICT_OBJC_MSGSEND = YES;
				ENABLE_TESTABILITY = YES;
				GCC_C_LANGUAGE_STANDARD = gnu99;
				GCC_DYNAMIC_NO_PIC = NO;
				GCC_NO_COMMON_BLOCKS = YES;
				GCC_OPTIMIZATION_LEVEL = 0;
				GCC_PREPROCESSOR_DEFINITIONS = (
					"DEBUG=1",
					"$(inherited)",
				);
				GCC_WARN_64_TO_32_BIT_CONVERSION = YES;
				GCC_WARN_ABOUT_RETURN_TYPE = YES_ERROR;
				GCC_WARN_UNDECLARED_SELECTOR = YES;
				GCC_WARN_UNINITIALIZED_AUTOS = YES_AGGRESSIVE;
				GCC_WARN_UNUSED_FUNCTION = YES;
				GCC_WARN_UNUSED_VARIABLE = YES;
				IPHONEOS_DEPLOYMENT_TARGET = 10.3;
				MTL_ENABLE_DEBUG_INFO = YES;
				ONLY_ACTIVE_ARCH = YES;
				SDKROOT = iphoneos;
				SWIFT_ACTIVE_COMPILATION_CONDITIONS = DEBUG;
				SWIFT_OPTIMIZATION_LEVEL = "-Onone";
			};
			name = Debug;
		};
		6CA14A671F78150C00822735 /* Release */ = {
			isa = XCBuildConfiguration;
			buildSettings = {
				ALWAYS_SEARCH_USER_PATHS = NO;
				CLANG_ANALYZER_NONNULL = YES;
				CLANG_ANALYZER_NUMBER_OBJECT_CONVERSION = YES_AGGRESSIVE;
				CLANG_CXX_LANGUAGE_STANDARD = "gnu++0x";
				CLANG_CXX_LIBRARY = "libc++";
				CLANG_ENABLE_MODULES = YES;
				CLANG_ENABLE_OBJC_ARC = YES;
				CLANG_WARN_BOOL_CONVERSION = YES;
				CLANG_WARN_CONSTANT_CONVERSION = YES;
				CLANG_WARN_DIRECT_OBJC_ISA_USAGE = YES_ERROR;
				CLANG_WARN_DOCUMENTATION_COMMENTS = YES;
				CLANG_WARN_EMPTY_BODY = YES;
				CLANG_WARN_ENUM_CONVERSION = YES;
				CLANG_WARN_INFINITE_RECURSION = YES;
				CLANG_WARN_INT_CONVERSION = YES;
				CLANG_WARN_OBJC_ROOT_CLASS = YES_ERROR;
				CLANG_WARN_SUSPICIOUS_MOVE = YES;
				CLANG_WARN_UNREACHABLE_CODE = YES;
				CLANG_WARN__DUPLICATE_METHOD_MATCH = YES;
				"CODE_SIGN_IDENTITY[sdk=iphoneos*]" = "iPhone Developer";
				COPY_PHASE_STRIP = NO;
				DEBUG_INFORMATION_FORMAT = "dwarf-with-dsym";
				ENABLE_NS_ASSERTIONS = NO;
				ENABLE_STRICT_OBJC_MSGSEND = YES;
				GCC_C_LANGUAGE_STANDARD = gnu99;
				GCC_NO_COMMON_BLOCKS = YES;
				GCC_WARN_64_TO_32_BIT_CONVERSION = YES;
				GCC_WARN_ABOUT_RETURN_TYPE = YES_ERROR;
				GCC_WARN_UNDECLARED_SELECTOR = YES;
				GCC_WARN_UNINITIALIZED_AUTOS = YES_AGGRESSIVE;
				GCC_WARN_UNUSED_FUNCTION = YES;
				GCC_WARN_UNUSED_VARIABLE = YES;
				IPHONEOS_DEPLOYMENT_TARGET = 10.3;
				MTL_ENABLE_DEBUG_INFO = NO;
				SDKROOT = iphoneos;
				SWIFT_OPTIMIZATION_LEVEL = "-Owholemodule";
				VALIDATE_PRODUCT = YES;
			};
			name = Release;
		};
		6CA14A691F78150C00822735 /* Debug */ = {
			isa = XCBuildConfiguration;
			buildSettings = {
				ASSETCATALOG_COMPILER_APPICON_NAME = AppIcon;
				INFOPLIST_FILE = dynamicgrid/Info.plist;
				LD_RUNPATH_SEARCH_PATHS = "$(inherited) @executable_path/Frameworks";
				PRODUCT_BUNDLE_IDENTIFIER = com.abuzeid.dynamicgrid;
				PRODUCT_NAME = "$(TARGET_NAME)";
				SWIFT_VERSION = 3.0;
			};
			name = Debug;
		};
		6CA14A6A1F78150C00822735 /* Release */ = {
			isa = XCBuildConfiguration;
			buildSettings = {
				ASSETCATALOG_COMPILER_APPICON_NAME = AppIcon;
				INFOPLIST_FILE = dynamicgrid/Info.plist;
				LD_RUNPATH_SEARCH_PATHS = "$(inherited) @executable_path/Frameworks";
				PRODUCT_BUNDLE_IDENTIFIER = com.abuzeid.dynamicgrid;
				PRODUCT_NAME = "$(TARGET_NAME)";
				SWIFT_VERSION = 3.0;
			};
			name = Release;
		};
		6CA14A6C1F78150C00822735 /* Debug */ = {
			isa = XCBuildConfiguration;
			buildSettings = {
				ALWAYS_EMBED_SWIFT_STANDARD_LIBRARIES = YES;
				BUNDLE_LOADER = "$(TEST_HOST)";
				INFOPLIST_FILE = dynamicgridTests/Info.plist;
				LD_RUNPATH_SEARCH_PATHS = "$(inherited) @executable_path/Frameworks @loader_path/Frameworks";
				PRODUCT_BUNDLE_IDENTIFIER = com.abuzeid.dynamicgridTests;
				PRODUCT_NAME = "$(TARGET_NAME)";
				SWIFT_VERSION = 3.0;
				TEST_HOST = "$(BUILT_PRODUCTS_DIR)/dynamicgrid.app/dynamicgrid";
			};
			name = Debug;
		};
		6CA14A6D1F78150C00822735 /* Release */ = {
			isa = XCBuildConfiguration;
			buildSettings = {
				ALWAYS_EMBED_SWIFT_STANDARD_LIBRARIES = YES;
				BUNDLE_LOADER = "$(TEST_HOST)";
				INFOPLIST_FILE = dynamicgridTests/Info.plist;
				LD_RUNPATH_SEARCH_PATHS = "$(inherited) @executable_path/Frameworks @loader_path/Frameworks";
				PRODUCT_BUNDLE_IDENTIFIER = com.abuzeid.dynamicgridTests;
				PRODUCT_NAME = "$(TARGET_NAME)";
				SWIFT_VERSION = 3.0;
				TEST_HOST = "$(BUILT_PRODUCTS_DIR)/dynamicgrid.app/dynamicgrid";
			};
			name = Release;
		};
		6CA14A6F1F78150C00822735 /* Debug */ = {
			isa = XCBuildConfiguration;
			buildSettings = {
				ALWAYS_EMBED_SWIFT_STANDARD_LIBRARIES = YES;
				INFOPLIST_FILE = dynamicgridUITests/Info.plist;
				LD_RUNPATH_SEARCH_PATHS = "$(inherited) @executable_path/Frameworks @loader_path/Frameworks";
				PRODUCT_BUNDLE_IDENTIFIER = com.abuzeid.dynamicgridUITests;
				PRODUCT_NAME = "$(TARGET_NAME)";
				SWIFT_VERSION = 3.0;
				TEST_TARGET_NAME = dynamicgrid;
			};
			name = Debug;
		};
		6CA14A701F78150C00822735 /* Release */ = {
			isa = XCBuildConfiguration;
			buildSettings = {
				ALWAYS_EMBED_SWIFT_STANDARD_LIBRARIES = YES;
				INFOPLIST_FILE = dynamicgridUITests/Info.plist;
				LD_RUNPATH_SEARCH_PATHS = "$(inherited) @executable_path/Frameworks @loader_path/Frameworks";
				PRODUCT_BUNDLE_IDENTIFIER = com.abuzeid.dynamicgridUITests;
				PRODUCT_NAME = "$(TARGET_NAME)";
				SWIFT_VERSION = 3.0;
				TEST_TARGET_NAME = dynamicgrid;
			};
			name = Release;
		};
/* End XCBuildConfiguration section */

/* Begin XCConfigurationList section */
		6CA14A3B1F78150C00822735 /* Build configuration list for PBXProject "dynamicgrid" */ = {
			isa = XCConfigurationList;
			buildConfigurations = (
				6CA14A661F78150C00822735 /* Debug */,
				6CA14A671F78150C00822735 /* Release */,
			);
			defaultConfigurationIsVisible = 0;
			defaultConfigurationName = Release;
		};
		6CA14A681F78150C00822735 /* Build configuration list for PBXNativeTarget "dynamicgrid" */ = {
			isa = XCConfigurationList;
			buildConfigurations = (
				6CA14A691F78150C00822735 /* Debug */,
				6CA14A6A1F78150C00822735 /* Release */,
			);
			defaultConfigurationIsVisible = 0;
		};
		6CA14A6B1F78150C00822735 /* Build configuration list for PBXNativeTarget "dynamicgridTests" */ = {
			isa = XCConfigurationList;
			buildConfigurations = (
				6CA14A6C1F78150C00822735 /* Debug */,
				6CA14A6D1F78150C00822735 /* Release */,
			);
			defaultConfigurationIsVisible = 0;
		};
		6CA14A6E1F78150C00822735 /* Build configuration list for PBXNativeTarget "dynamicgridUITests" */ = {
			isa = XCConfigurationList;
			buildConfigurations = (
				6CA14A6F1F78150C00822735 /* Debug */,
				6CA14A701F78150C00822735 /* Release */,
			);
			defaultConfigurationIsVisible = 0;
		};
/* End XCConfigurationList section */
	};
	rootObject = 6CA14A381F78150C00822735 /* Project object */;
}
